--- 
dependencies: 
  rack-environment: 
    group: 
    - :default
    version: ~> 1.2.0
  sham_rack: 
    group: 
    - :test
    version: ~> 1.3.1
  oauth: 
    group: 
    - :default
    version: ~> 0.4.1
  mechanize: 
    group: 
    - :test
    version: ~> 1.0.0
  sinatra: 
    group: 
    - :default
    version: = 1.0
  oauth_provider: 
    group: 
    - :test
    version: ">= 0"
  redgreen: 
    group: 
    - :test
    version: ~> 1.2.2
  warden: 
    group: 
    - :default
    version: ~> 0.10.7
specs: 
- rake: 
    version: 0.8.7
- nokogiri: 
    version: 1.4.2
- mechanize: 
    version: 1.0.0
- oauth: 
    version: 0.4.1
- oauth_provider: 
    version: 0.0.9
    source: 0
- rack: 
    version: 1.2.1
- rack-environment: 
    version: 1.2.0
- redgreen: 
    version: 1.2.2
- sham_rack: 
    version: 1.3.1
- sinatra: 
    version: "1.0"
- warden: 
    version: 0.10.7
hash: 4c2b76d1a7ff46869ab9f686acd7da07c2c319f9
sources: 
- Path: 
    path: !ruby/object:Pathname 
      path: test/vendor/oauth_provider
- Rubygems: 
    uri: http://rubygems.org/
